
Microsoft Visual Studio Solution File, Format Version 12.00
# Visual Studio Version 17
VisualStudioVersion = 17.4.33205.214
MinimumVisualStudioVersion = 10.0.40219.1
Project("{FAE04EC0-301F-11D3-BF4B-00C04F79EFBC}") = "CheckPoint", "CheckPoint\CheckPoint.csproj", "{9F637291-1C84-4498-B89D-9D94886D8BBE}"
EndProject
Project("{FAE04EC0-301F-11D3-BF4B-00C04F79EFBC}") = "LeetCode", "LeetCode\LeetCode.csproj", "{61F6B744-C2BC-45A6-8BFE-6CFD4513F350}"
EndProject
Project("{FAE04EC0-301F-11D3-BF4B-00C04F79EFBC}") = "Codility", "Codility\Codility.csproj", "{DB1DB675-A919-41F5-A662-B0DAA60A89AE}"
EndProject
Project("{FAE04EC0-301F-11D3-BF4B-00C04F79EFBC}") = "Canditech", "Canditech\Canditech.csproj", "{8B000AF0-3DBF-4CD2-A7D3-55D31B409AA7}"
EndProject
Project("{FAE04EC0-301F-11D3-BF4B-00C04F79EFBC}") = "Hackerrank", "Hackerrank\Hackerrank.csproj", "{20264CE9-FDA5-4715-A663-B2181E30B630}"
EndProject
Project("{FAE04EC0-301F-11D3-BF4B-00C04F79EFBC}") = "CrackingCode", "CrackingCode\CrackingCode.csproj", "{086719FE-1C1C-4C4E-ABF7-DD2C7E9C1BF2}"
EndProject
Project("{FAE04EC0-301F-11D3-BF4B-00C04F79EFBC}") = "SystemDesign", "SystemDesign\SystemDesign.csproj", "{01DAA757-318F-4314-BDA0-AE5E9C5A26CD}"
EndProject
Project("{FAE04EC0-301F-11D3-BF4B-00C04F79EFBC}") = "Concurency", "Concurency\Concurency.csproj", "{5BA04492-0753-4662-9837-5423767ED86C}"
EndProject
Project("{2150E333-8FDC-42A3-9474-1A3956D46DE8}") = "Nice", "Nice", "{3C9C5CC0-CF0E-478C-A64F-9B01CDBF6035}"
EndProject
Project("{FAE04EC0-301F-11D3-BF4B-00C04F79EFBC}") = "Restaurant", "Restaurant\Restaurant.csproj", "{0349466D-B619-4D1A-AA23-EE6946C509B1}"
EndProject
Project("{FAE04EC0-301F-11D3-BF4B-00C04F79EFBC}") = "RestaurantTest", "RestaurantTest\RestaurantTest.csproj", "{BDD5AE5C-3D21-46EB-BE7F-B607A4B1E76D}"
EndProject
Project("{FAE04EC0-301F-11D3-BF4B-00C04F79EFBC}") = "Educative", "Educative\Educative.csproj", "{3B9D3C33-EC46-486A-A4AC-163C7EA69128}"
EndProject
Project("{FAE04EC0-301F-11D3-BF4B-00C04F79EFBC}") = "Nuvei", "Nuvei\Nuvei.csproj", "{AA32D839-68B3-450C-901D-7D103EB6C545}"
EndProject
Project("{FAE04EC0-301F-11D3-BF4B-00C04F79EFBC}") = "ElementsProgrammingInterviews", "ElementsProgrammingInterviews\ElementsProgrammingInterviews.csproj", "{F7E1A462-1D6F-43DF-8CB8-94191B675C56}"
EndProject
Project("{FAE04EC0-301F-11D3-BF4B-00C04F79EFBC}") = "CodingPatterns", "CodingPatterns\CodingPatterns\CodingPatterns.csproj", "{BA7A1BFE-5679-4A7B-A972-FBEBEA8D6248}"
EndProject
Project("{FAE04EC0-301F-11D3-BF4B-00C04F79EFBC}") = "CodingProblems", "CodingProblems\CodingProblems.csproj", "{961A14E9-A55B-414A-947F-E35603CE2875}"
EndProject
Global
	GlobalSection(SolutionConfigurationPlatforms) = preSolution
		Debug|Any CPU = Debug|Any CPU
		Release|Any CPU = Release|Any CPU
	EndGlobalSection
	GlobalSection(ProjectConfigurationPlatforms) = postSolution
		{9F637291-1C84-4498-B89D-9D94886D8BBE}.Debug|Any CPU.ActiveCfg = Debug|Any CPU
		{9F637291-1C84-4498-B89D-9D94886D8BBE}.Debug|Any CPU.Build.0 = Debug|Any CPU
		{9F637291-1C84-4498-B89D-9D94886D8BBE}.Release|Any CPU.ActiveCfg = Release|Any CPU
		{9F637291-1C84-4498-B89D-9D94886D8BBE}.Release|Any CPU.Build.0 = Release|Any CPU
		{61F6B744-C2BC-45A6-8BFE-6CFD4513F350}.Debug|Any CPU.ActiveCfg = Debug|Any CPU
		{61F6B744-C2BC-45A6-8BFE-6CFD4513F350}.Debug|Any CPU.Build.0 = Debug|Any CPU
		{61F6B744-C2BC-45A6-8BFE-6CFD4513F350}.Release|Any CPU.ActiveCfg = Release|Any CPU
		{61F6B744-C2BC-45A6-8BFE-6CFD4513F350}.Release|Any CPU.Build.0 = Release|Any CPU
		{DB1DB675-A919-41F5-A662-B0DAA60A89AE}.Debug|Any CPU.ActiveCfg = Debug|Any CPU
		{DB1DB675-A919-41F5-A662-B0DAA60A89AE}.Debug|Any CPU.Build.0 = Debug|Any CPU
		{DB1DB675-A919-41F5-A662-B0DAA60A89AE}.Release|Any CPU.ActiveCfg = Release|Any CPU
		{DB1DB675-A919-41F5-A662-B0DAA60A89AE}.Release|Any CPU.Build.0 = Release|Any CPU
		{8B000AF0-3DBF-4CD2-A7D3-55D31B409AA7}.Debug|Any CPU.ActiveCfg = Debug|Any CPU
		{8B000AF0-3DBF-4CD2-A7D3-55D31B409AA7}.Debug|Any CPU.Build.0 = Debug|Any CPU
		{8B000AF0-3DBF-4CD2-A7D3-55D31B409AA7}.Release|Any CPU.ActiveCfg = Release|Any CPU
		{8B000AF0-3DBF-4CD2-A7D3-55D31B409AA7}.Release|Any CPU.Build.0 = Release|Any CPU
		{20264CE9-FDA5-4715-A663-B2181E30B630}.Debug|Any CPU.ActiveCfg = Debug|Any CPU
		{20264CE9-FDA5-4715-A663-B2181E30B630}.Debug|Any CPU.Build.0 = Debug|Any CPU
		{20264CE9-FDA5-4715-A663-B2181E30B630}.Release|Any CPU.ActiveCfg = Release|Any CPU
		{20264CE9-FDA5-4715-A663-B2181E30B630}.Release|Any CPU.Build.0 = Release|Any CPU
		{086719FE-1C1C-4C4E-ABF7-DD2C7E9C1BF2}.Debug|Any CPU.ActiveCfg = Debug|Any CPU
		{086719FE-1C1C-4C4E-ABF7-DD2C7E9C1BF2}.Debug|Any CPU.Build.0 = Debug|Any CPU
		{086719FE-1C1C-4C4E-ABF7-DD2C7E9C1BF2}.Release|Any CPU.ActiveCfg = Release|Any CPU
		{086719FE-1C1C-4C4E-ABF7-DD2C7E9C1BF2}.Release|Any CPU.Build.0 = Release|Any CPU
		{01DAA757-318F-4314-BDA0-AE5E9C5A26CD}.Debug|Any CPU.ActiveCfg = Debug|Any CPU
		{01DAA757-318F-4314-BDA0-AE5E9C5A26CD}.Debug|Any CPU.Build.0 = Debug|Any CPU
		{01DAA757-318F-4314-BDA0-AE5E9C5A26CD}.Release|Any CPU.ActiveCfg = Release|Any CPU
		{01DAA757-318F-4314-BDA0-AE5E9C5A26CD}.Release|Any CPU.Build.0 = Release|Any CPU
		{5BA04492-0753-4662-9837-5423767ED86C}.Debug|Any CPU.ActiveCfg = Debug|Any CPU
		{5BA04492-0753-4662-9837-5423767ED86C}.Debug|Any CPU.Build.0 = Debug|Any CPU
		{5BA04492-0753-4662-9837-5423767ED86C}.Release|Any CPU.ActiveCfg = Release|Any CPU
		{5BA04492-0753-4662-9837-5423767ED86C}.Release|Any CPU.Build.0 = Release|Any CPU
		{0349466D-B619-4D1A-AA23-EE6946C509B1}.Debug|Any CPU.ActiveCfg = Debug|Any CPU
		{0349466D-B619-4D1A-AA23-EE6946C509B1}.Debug|Any CPU.Build.0 = Debug|Any CPU
		{0349466D-B619-4D1A-AA23-EE6946C509B1}.Release|Any CPU.ActiveCfg = Release|Any CPU
		{0349466D-B619-4D1A-AA23-EE6946C509B1}.Release|Any CPU.Build.0 = Release|Any CPU
		{BDD5AE5C-3D21-46EB-BE7F-B607A4B1E76D}.Debug|Any CPU.ActiveCfg = Debug|Any CPU
		{BDD5AE5C-3D21-46EB-BE7F-B607A4B1E76D}.Debug|Any CPU.Build.0 = Debug|Any CPU
		{BDD5AE5C-3D21-46EB-BE7F-B607A4B1E76D}.Release|Any CPU.ActiveCfg = Release|Any CPU
		{BDD5AE5C-3D21-46EB-BE7F-B607A4B1E76D}.Release|Any CPU.Build.0 = Release|Any CPU
		{3B9D3C33-EC46-486A-A4AC-163C7EA69128}.Debug|Any CPU.ActiveCfg = Debug|Any CPU
		{3B9D3C33-EC46-486A-A4AC-163C7EA69128}.Debug|Any CPU.Build.0 = Debug|Any CPU
		{3B9D3C33-EC46-486A-A4AC-163C7EA69128}.Release|Any CPU.ActiveCfg = Release|Any CPU
		{3B9D3C33-EC46-486A-A4AC-163C7EA69128}.Release|Any CPU.Build.0 = Release|Any CPU
		{AA32D839-68B3-450C-901D-7D103EB6C545}.Debug|Any CPU.ActiveCfg = Debug|Any CPU
		{AA32D839-68B3-450C-901D-7D103EB6C545}.Debug|Any CPU.Build.0 = Debug|Any CPU
		{AA32D839-68B3-450C-901D-7D103EB6C545}.Release|Any CPU.ActiveCfg = Release|Any CPU
		{AA32D839-68B3-450C-901D-7D103EB6C545}.Release|Any CPU.Build.0 = Release|Any CPU
		{F7E1A462-1D6F-43DF-8CB8-94191B675C56}.Debug|Any CPU.ActiveCfg = Debug|Any CPU
		{F7E1A462-1D6F-43DF-8CB8-94191B675C56}.Debug|Any CPU.Build.0 = Debug|Any CPU
		{F7E1A462-1D6F-43DF-8CB8-94191B675C56}.Release|Any CPU.ActiveCfg = Release|Any CPU
		{F7E1A462-1D6F-43DF-8CB8-94191B675C56}.Release|Any CPU.Build.0 = Release|Any CPU
		{BA7A1BFE-5679-4A7B-A972-FBEBEA8D6248}.Debug|Any CPU.ActiveCfg = Debug|Any CPU
		{BA7A1BFE-5679-4A7B-A972-FBEBEA8D6248}.Debug|Any CPU.Build.0 = Debug|Any CPU
		{BA7A1BFE-5679-4A7B-A972-FBEBEA8D6248}.Release|Any CPU.ActiveCfg = Release|Any CPU
		{BA7A1BFE-5679-4A7B-A972-FBEBEA8D6248}.Release|Any CPU.Build.0 = Release|Any CPU
		{961A14E9-A55B-414A-947F-E35603CE2875}.Debug|Any CPU.ActiveCfg = Debug|Any CPU
		{961A14E9-A55B-414A-947F-E35603CE2875}.Debug|Any CPU.Build.0 = Debug|Any CPU
		{961A14E9-A55B-414A-947F-E35603CE2875}.Release|Any CPU.ActiveCfg = Release|Any CPU
		{961A14E9-A55B-414A-947F-E35603CE2875}.Release|Any CPU.Build.0 = Release|Any CPU
	EndGlobalSection
	GlobalSection(SolutionProperties) = preSolution
		HideSolutionNode = FALSE
	EndGlobalSection
	GlobalSection(NestedProjects) = preSolution
		{0349466D-B619-4D1A-AA23-EE6946C509B1} = {3C9C5CC0-CF0E-478C-A64F-9B01CDBF6035}
		{BDD5AE5C-3D21-46EB-BE7F-B607A4B1E76D} = {3C9C5CC0-CF0E-478C-A64F-9B01CDBF6035}
	EndGlobalSection
	GlobalSection(ExtensibilityGlobals) = postSolution
		SolutionGuid = {FF7B74E8-844D-4372-AA4E-117A1FE1FE7D}
	EndGlobalSection
EndGlobal
